
Microsoft Visual Studio Solution File, Format Version 12.00
# Visual Studio Version 17
VisualStudioVersion = 17.6.33829.357
MinimumVisualStudioVersion = 10.0.40219.1
Project("{FAE04EC0-301F-11D3-BF4B-00C04F79EFBC}") = "csharp_tinhdientichhihtron", "csharp_tinhdientichhihtron.csproj", "{B54F51ED-FAF0-49C6-9647-304F118447A1}"
EndProject
Global
	GlobalSection(SolutionConfigurationPlatforms) = preSolution
		Debug|Any CPU = Debug|Any CPU
		Release|Any CPU = Release|Any CPU
	EndGlobalSection
	GlobalSection(ProjectConfigurationPlatforms) = postSolution
		{B54F51ED-FAF0-49C6-9647-304F118447A1}.Debug|Any CPU.ActiveCfg = Debug|Any CPU
		{B54F51ED-FAF0-49C6-9647-304F118447A1}.Debug|Any CPU.Build.0 = Debug|Any CPU
		{B54F51ED-FAF0-49C6-9647-304F118447A1}.Release|Any CPU.ActiveCfg = Release|Any CPU
		{B54F51ED-FAF0-49C6-9647-304F118447A1}.Release|Any CPU.Build.0 = Release|Any CPU
	EndGlobalSection
	GlobalSection(SolutionProperties) = preSolution
		HideSolutionNode = FALSE
	EndGlobalSection
	GlobalSection(ExtensibilityGlobals) = postSolution
		SolutionGuid = {19F88D8A-9235-4494-A2AC-7E120F190984}
	EndGlobalSection
EndGlobal
